
Microsoft Visual Studio Solution File, Format Version 12.00
# Visual Studio 15
VisualStudioVersion = 15.0.27428.2043
MinimumVisualStudioVersion = 10.0.40219.1
Project("{FAE04EC0-301F-11D3-BF4B-00C04F79EFBC}") = "ConsultaCEP.Android", "ConsultaCEP\ConsultaCEP.Android\ConsultaCEP.Android.csproj", "{D59A9C76-70F7-4229-8F1F-DD51493C92E6}"
EndProject
Project("{FAE04EC0-301F-11D3-BF4B-00C04F79EFBC}") = "ConsultaCEP.iOS", "ConsultaCEP\ConsultaCEP.iOS\ConsultaCEP.iOS.csproj", "{88E168CB-D388-4F00-BDF1-6D458ACAE08E}"
EndProject
Project("{FAE04EC0-301F-11D3-BF4B-00C04F79EFBC}") = "ConsultaCEP.UWP", "ConsultaCEP\ConsultaCEP.UWP\ConsultaCEP.UWP.csproj", "{79846EA2-E782-4493-9ECD-A8BED675E2DD}"
EndProject
Project("{FAE04EC0-301F-11D3-BF4B-00C04F79EFBC}") = "ConsultaCEP", "ConsultaCEP\ConsultaCEP\ConsultaCEP.csproj", "{BA843514-23A7-4BDA-85B9-A988E9279E3E}"
EndProject
Global
	GlobalSection(SolutionConfigurationPlatforms) = preSolution
		Ad-Hoc|Any CPU = Ad-Hoc|Any CPU
		Ad-Hoc|ARM = Ad-Hoc|ARM
		Ad-Hoc|iPhone = Ad-Hoc|iPhone
		Ad-Hoc|iPhoneSimulator = Ad-Hoc|iPhoneSimulator
		Ad-Hoc|x64 = Ad-Hoc|x64
		Ad-Hoc|x86 = Ad-Hoc|x86
		AppStore|Any CPU = AppStore|Any CPU
		AppStore|ARM = AppStore|ARM
		AppStore|iPhone = AppStore|iPhone
		AppStore|iPhoneSimulator = AppStore|iPhoneSimulator
		AppStore|x64 = AppStore|x64
		AppStore|x86 = AppStore|x86
		Debug|Any CPU = Debug|Any CPU
		Debug|ARM = Debug|ARM
		Debug|iPhone = Debug|iPhone
		Debug|iPhoneSimulator = Debug|iPhoneSimulator
		Debug|x64 = Debug|x64
		Debug|x86 = Debug|x86
		Release|Any CPU = Release|Any CPU
		Release|ARM = Release|ARM
		Release|iPhone = Release|iPhone
		Release|iPhoneSimulator = Release|iPhoneSimulator
		Release|x64 = Release|x64
		Release|x86 = Release|x86
	EndGlobalSection
	GlobalSection(ProjectConfigurationPlatforms) = postSolution
		{D59A9C76-70F7-4229-8F1F-DD51493C92E6}.Ad-Hoc|Any CPU.ActiveCfg = Release|Any CPU
		{D59A9C76-70F7-4229-8F1F-DD51493C92E6}.Ad-Hoc|Any CPU.Build.0 = Release|Any CPU
		{D59A9C76-70F7-4229-8F1F-DD51493C92E6}.Ad-Hoc|Any CPU.Deploy.0 = Release|Any CPU
		{D59A9C76-70F7-4229-8F1F-DD51493C92E6}.Ad-Hoc|ARM.ActiveCfg = Release|Any CPU
		{D59A9C76-70F7-4229-8F1F-DD51493C92E6}.Ad-Hoc|ARM.Build.0 = Release|Any CPU
		{D59A9C76-70F7-4229-8F1F-DD51493C92E6}.Ad-Hoc|ARM.Deploy.0 = Release|Any CPU
		{D59A9C76-70F7-4229-8F1F-DD51493C92E6}.Ad-Hoc|iPhone.ActiveCfg = Release|Any CPU
		{D59A9C76-70F7-4229-8F1F-DD51493C92E6}.Ad-Hoc|iPhone.Build.0 = Release|Any CPU
		{D59A9C76-70F7-4229-8F1F-DD51493C92E6}.Ad-Hoc|iPhone.Deploy.0 = Release|Any CPU
		{D59A9C76-70F7-4229-8F1F-DD51493C92E6}.Ad-Hoc|iPhoneSimulator.ActiveCfg = Release|Any CPU
		{D59A9C76-70F7-4229-8F1F-DD51493C92E6}.Ad-Hoc|iPhoneSimulator.Build.0 = Release|Any CPU
		{D59A9C76-70F7-4229-8F1F-DD51493C92E6}.Ad-Hoc|iPhoneSimulator.Deploy.0 = Release|Any CPU
		{D59A9C76-70F7-4229-8F1F-DD51493C92E6}.Ad-Hoc|x64.ActiveCfg = Release|Any CPU
		{D59A9C76-70F7-4229-8F1F-DD51493C92E6}.Ad-Hoc|x64.Build.0 = Release|Any CPU
		{D59A9C76-70F7-4229-8F1F-DD51493C92E6}.Ad-Hoc|x64.Deploy.0 = Release|Any CPU
		{D59A9C76-70F7-4229-8F1F-DD51493C92E6}.Ad-Hoc|x86.ActiveCfg = Release|Any CPU
		{D59A9C76-70F7-4229-8F1F-DD51493C92E6}.Ad-Hoc|x86.Build.0 = Release|Any CPU
		{D59A9C76-70F7-4229-8F1F-DD51493C92E6}.Ad-Hoc|x86.Deploy.0 = Release|Any CPU
		{D59A9C76-70F7-4229-8F1F-DD51493C92E6}.AppStore|Any CPU.ActiveCfg = Release|Any CPU
		{D59A9C76-70F7-4229-8F1F-DD51493C92E6}.AppStore|Any CPU.Build.0 = Release|Any CPU
		{D59A9C76-70F7-4229-8F1F-DD51493C92E6}.AppStore|Any CPU.Deploy.0 = Release|Any CPU
		{D59A9C76-70F7-4229-8F1F-DD51493C92E6}.AppStore|ARM.ActiveCfg = Release|Any CPU
		{D59A9C76-70F7-4229-8F1F-DD51493C92E6}.AppStore|ARM.Build.0 = Release|Any CPU
		{D59A9C76-70F7-4229-8F1F-DD51493C92E6}.AppStore|ARM.Deploy.0 = Release|Any CPU
		{D59A9C76-70F7-4229-8F1F-DD51493C92E6}.AppStore|iPhone.ActiveCfg = Release|Any CPU
		{D59A9C76-70F7-4229-8F1F-DD51493C92E6}.AppStore|iPhone.Build.0 = Release|Any CPU
		{D59A9C76-70F7-4229-8F1F-DD51493C92E6}.AppStore|iPhone.Deploy.0 = Release|Any CPU
		{D59A9C76-70F7-4229-8F1F-DD51493C92E6}.AppStore|iPhoneSimulator.ActiveCfg = Release|Any CPU
		{D59A9C76-70F7-4229-8F1F-DD51493C92E6}.AppStore|iPhoneSimulator.Build.0 = Release|Any CPU
		{D59A9C76-70F7-4229-8F1F-DD51493C92E6}.AppStore|iPhoneSimulator.Deploy.0 = Release|Any CPU
		{D59A9C76-70F7-4229-8F1F-DD51493C92E6}.AppStore|x64.ActiveCfg = Release|Any CPU
		{D59A9C76-70F7-4229-8F1F-DD51493C92E6}.AppStore|x64.Build.0 = Release|Any CPU
		{D59A9C76-70F7-4229-8F1F-DD51493C92E6}.AppStore|x64.Deploy.0 = Release|Any CPU
		{D59A9C76-70F7-4229-8F1F-DD51493C92E6}.AppStore|x86.ActiveCfg = Release|Any CPU
		{D59A9C76-70F7-4229-8F1F-DD51493C92E6}.AppStore|x86.Build.0 = Release|Any CPU
		{D59A9C76-70F7-4229-8F1F-DD51493C92E6}.AppStore|x86.Deploy.0 = Release|Any CPU
		{D59A9C76-70F7-4229-8F1F-DD51493C92E6}.Debug|Any CPU.ActiveCfg = Debug|Any CPU
		{D59A9C76-70F7-4229-8F1F-DD51493C92E6}.Debug|Any CPU.Build.0 = Debug|Any CPU
		{D59A9C76-70F7-4229-8F1F-DD51493C92E6}.Debug|Any CPU.Deploy.0 = Debug|Any CPU
		{D59A9C76-70F7-4229-8F1F-DD51493C92E6}.Debug|ARM.ActiveCfg = Debug|Any CPU
		{D59A9C76-70F7-4229-8F1F-DD51493C92E6}.Debug|ARM.Build.0 = Debug|Any CPU
		{D59A9C76-70F7-4229-8F1F-DD51493C92E6}.Debug|ARM.Deploy.0 = Debug|Any CPU
		{D59A9C76-70F7-4229-8F1F-DD51493C92E6}.Debug|iPhone.ActiveCfg = Debug|Any CPU
		{D59A9C76-70F7-4229-8F1F-DD51493C92E6}.Debug|iPhone.Build.0 = Debug|Any CPU
		{D59A9C76-70F7-4229-8F1F-DD51493C92E6}.Debug|iPhone.Deploy.0 = Debug|Any CPU
		{D59A9C76-70F7-4229-8F1F-DD51493C92E6}.Debug|iPhoneSimulator.ActiveCfg = Debug|Any CPU
		{D59A9C76-70F7-4229-8F1F-DD51493C92E6}.Debug|iPhoneSimulator.Build.0 = Debug|Any CPU
		{D59A9C76-70F7-4229-8F1F-DD51493C92E6}.Debug|iPhoneSimulator.Deploy.0 = Debug|Any CPU
		{D59A9C76-70F7-4229-8F1F-DD51493C92E6}.Debug|x64.ActiveCfg = Debug|Any CPU
		{D59A9C76-70F7-4229-8F1F-DD51493C92E6}.Debug|x64.Build.0 = Debug|Any CPU
		{D59A9C76-70F7-4229-8F1F-DD51493C92E6}.Debug|x64.Deploy.0 = Debug|Any CPU
		{D59A9C76-70F7-4229-8F1F-DD51493C92E6}.Debug|x86.ActiveCfg = Debug|Any CPU
		{D59A9C76-70F7-4229-8F1F-DD51493C92E6}.Debug|x86.Build.0 = Debug|Any CPU
		{D59A9C76-70F7-4229-8F1F-DD51493C92E6}.Debug|x86.Deploy.0 = Debug|Any CPU
		{D59A9C76-70F7-4229-8F1F-DD51493C92E6}.Release|Any CPU.ActiveCfg = Release|Any CPU
		{D59A9C76-70F7-4229-8F1F-DD51493C92E6}.Release|Any CPU.Build.0 = Release|Any CPU
		{D59A9C76-70F7-4229-8F1F-DD51493C92E6}.Release|Any CPU.Deploy.0 = Release|Any CPU
		{D59A9C76-70F7-4229-8F1F-DD51493C92E6}.Release|ARM.ActiveCfg = Release|Any CPU
		{D59A9C76-70F7-4229-8F1F-DD51493C92E6}.Release|ARM.Build.0 = Release|Any CPU
		{D59A9C76-70F7-4229-8F1F-DD51493C92E6}.Release|ARM.Deploy.0 = Release|Any CPU
		{D59A9C76-70F7-4229-8F1F-DD51493C92E6}.Release|iPhone.ActiveCfg = Release|Any CPU
		{D59A9C76-70F7-4229-8F1F-DD51493C92E6}.Release|iPhone.Build.0 = Release|Any CPU
		{D59A9C76-70F7-4229-8F1F-DD51493C92E6}.Release|iPhone.Deploy.0 = Release|Any CPU
		{D59A9C76-70F7-4229-8F1F-DD51493C92E6}.Release|iPhoneSimulator.ActiveCfg = Release|Any CPU
		{D59A9C76-70F7-4229-8F1F-DD51493C92E6}.Release|iPhoneSimulator.Build.0 = Release|Any CPU
		{D59A9C76-70F7-4229-8F1F-DD51493C92E6}.Release|iPhoneSimulator.Deploy.0 = Release|Any CPU
		{D59A9C76-70F7-4229-8F1F-DD51493C92E6}.Release|x64.ActiveCfg = Release|Any CPU
		{D59A9C76-70F7-4229-8F1F-DD51493C92E6}.Release|x64.Build.0 = Release|Any CPU
		{D59A9C76-70F7-4229-8F1F-DD51493C92E6}.Release|x64.Deploy.0 = Release|Any CPU
		{D59A9C76-70F7-4229-8F1F-DD51493C92E6}.Release|x86.ActiveCfg = Release|Any CPU
		{D59A9C76-70F7-4229-8F1F-DD51493C92E6}.Release|x86.Build.0 = Release|Any CPU
		{D59A9C76-70F7-4229-8F1F-DD51493C92E6}.Release|x86.Deploy.0 = Release|Any CPU
		{88E168CB-D388-4F00-BDF1-6D458ACAE08E}.Ad-Hoc|Any CPU.ActiveCfg = Ad-Hoc|iPhone
		{88E168CB-D388-4F00-BDF1-6D458ACAE08E}.Ad-Hoc|ARM.ActiveCfg = Ad-Hoc|iPhone
		{88E168CB-D388-4F00-BDF1-6D458ACAE08E}.Ad-Hoc|iPhone.ActiveCfg = Ad-Hoc|iPhone
		{88E168CB-D388-4F00-BDF1-6D458ACAE08E}.Ad-Hoc|iPhone.Build.0 = Ad-Hoc|iPhone
		{88E168CB-D388-4F00-BDF1-6D458ACAE08E}.Ad-Hoc|iPhoneSimulator.ActiveCfg = Ad-Hoc|iPhoneSimulator
		{88E168CB-D388-4F00-BDF1-6D458ACAE08E}.Ad-Hoc|iPhoneSimulator.Build.0 = Ad-Hoc|iPhoneSimulator
		{88E168CB-D388-4F00-BDF1-6D458ACAE08E}.Ad-Hoc|x64.ActiveCfg = Ad-Hoc|iPhone
		{88E168CB-D388-4F00-BDF1-6D458ACAE08E}.Ad-Hoc|x86.ActiveCfg = Ad-Hoc|iPhone
		{88E168CB-D388-4F00-BDF1-6D458ACAE08E}.AppStore|Any CPU.ActiveCfg = AppStore|iPhone
		{88E168CB-D388-4F00-BDF1-6D458ACAE08E}.AppStore|ARM.ActiveCfg = AppStore|iPhone
		{88E168CB-D388-4F00-BDF1-6D458ACAE08E}.AppStore|iPhone.ActiveCfg = AppStore|iPhone
		{88E168CB-D388-4F00-BDF1-6D458ACAE08E}.AppStore|iPhone.Build.0 = AppStore|iPhone
		{88E168CB-D388-4F00-BDF1-6D458ACAE08E}.AppStore|iPhoneSimulator.ActiveCfg = AppStore|iPhoneSimulator
		{88E168CB-D388-4F00-BDF1-6D458ACAE08E}.AppStore|iPhoneSimulator.Build.0 = AppStore|iPhoneSimulator
		{88E168CB-D388-4F00-BDF1-6D458ACAE08E}.AppStore|x64.ActiveCfg = AppStore|iPhone
		{88E168CB-D388-4F00-BDF1-6D458ACAE08E}.AppStore|x86.ActiveCfg = AppStore|iPhone
		{88E168CB-D388-4F00-BDF1-6D458ACAE08E}.Debug|Any CPU.ActiveCfg = Debug|iPhone
		{88E168CB-D388-4F00-BDF1-6D458ACAE08E}.Debug|ARM.ActiveCfg = Debug|iPhone
		{88E168CB-D388-4F00-BDF1-6D458ACAE08E}.Debug|iPhone.ActiveCfg = Debug|iPhone
		{88E168CB-D388-4F00-BDF1-6D458ACAE08E}.Debug|iPhone.Build.0 = Debug|iPhone
		{88E168CB-D388-4F00-BDF1-6D458ACAE08E}.Debug|iPhoneSimulator.ActiveCfg = Debug|iPhoneSimulator
		{88E168CB-D388-4F00-BDF1-6D458ACAE08E}.Debug|iPhoneSimulator.Build.0 = Debug|iPhoneSimulator
		{88E168CB-D388-4F00-BDF1-6D458ACAE08E}.Debug|x64.ActiveCfg = Debug|iPhone
		{88E168CB-D388-4F00-BDF1-6D458ACAE08E}.Debug|x86.ActiveCfg = Debug|iPhone
		{88E168CB-D388-4F00-BDF1-6D458ACAE08E}.Release|Any CPU.ActiveCfg = Release|iPhone
		{88E168CB-D388-4F00-BDF1-6D458ACAE08E}.Release|ARM.ActiveCfg = Release|iPhone
		{88E168CB-D388-4F00-BDF1-6D458ACAE08E}.Release|iPhone.ActiveCfg = Release|iPhone
		{88E168CB-D388-4F00-BDF1-6D458ACAE08E}.Release|iPhone.Build.0 = Release|iPhone
		{88E168CB-D388-4F00-BDF1-6D458ACAE08E}.Release|iPhoneSimulator.ActiveCfg = Release|iPhoneSimulator
		{88E168CB-D388-4F00-BDF1-6D458ACAE08E}.Release|iPhoneSimulator.Build.0 = Release|iPhoneSimulator
		{88E168CB-D388-4F00-BDF1-6D458ACAE08E}.Release|x64.ActiveCfg = Release|iPhone
		{88E168CB-D388-4F00-BDF1-6D458ACAE08E}.Release|x86.ActiveCfg = Release|iPhone
		{79846EA2-E782-4493-9ECD-A8BED675E2DD}.Ad-Hoc|Any CPU.ActiveCfg = Release|x86
		{79846EA2-E782-4493-9ECD-A8BED675E2DD}.Ad-Hoc|Any CPU.Build.0 = Release|x86
		{79846EA2-E782-4493-9ECD-A8BED675E2DD}.Ad-Hoc|Any CPU.Deploy.0 = Release|x86
		{79846EA2-E782-4493-9ECD-A8BED675E2DD}.Ad-Hoc|ARM.ActiveCfg = Release|ARM
		{79846EA2-E782-4493-9ECD-A8BED675E2DD}.Ad-Hoc|ARM.Build.0 = Release|ARM
		{79846EA2-E782-4493-9ECD-A8BED675E2DD}.Ad-Hoc|ARM.Deploy.0 = Release|ARM
		{79846EA2-E782-4493-9ECD-A8BED675E2DD}.Ad-Hoc|iPhone.ActiveCfg = Release|x86
		{79846EA2-E782-4493-9ECD-A8BED675E2DD}.Ad-Hoc|iPhone.Build.0 = Release|x86
		{79846EA2-E782-4493-9ECD-A8BED675E2DD}.Ad-Hoc|iPhone.Deploy.0 = Release|x86
		{79846EA2-E782-4493-9ECD-A8BED675E2DD}.Ad-Hoc|iPhoneSimulator.ActiveCfg = Release|x86
		{79846EA2-E782-4493-9ECD-A8BED675E2DD}.Ad-Hoc|iPhoneSimulator.Build.0 = Release|x86
		{79846EA2-E782-4493-9ECD-A8BED675E2DD}.Ad-Hoc|iPhoneSimulator.Deploy.0 = Release|x86
		{79846EA2-E782-4493-9ECD-A8BED675E2DD}.Ad-Hoc|x64.ActiveCfg = Release|x64
		{79846EA2-E782-4493-9ECD-A8BED675E2DD}.Ad-Hoc|x64.Build.0 = Release|x64
		{79846EA2-E782-4493-9ECD-A8BED675E2DD}.Ad-Hoc|x64.Deploy.0 = Release|x64
		{79846EA2-E782-4493-9ECD-A8BED675E2DD}.Ad-Hoc|x86.ActiveCfg = Release|x86
		{79846EA2-E782-4493-9ECD-A8BED675E2DD}.Ad-Hoc|x86.Build.0 = Release|x86
		{79846EA2-E782-4493-9ECD-A8BED675E2DD}.Ad-Hoc|x86.Deploy.0 = Release|x86
		{79846EA2-E782-4493-9ECD-A8BED675E2DD}.AppStore|Any CPU.ActiveCfg = Release|x86
		{79846EA2-E782-4493-9ECD-A8BED675E2DD}.AppStore|Any CPU.Build.0 = Release|x86
		{79846EA2-E782-4493-9ECD-A8BED675E2DD}.AppStore|Any CPU.Deploy.0 = Release|x86
		{79846EA2-E782-4493-9ECD-A8BED675E2DD}.AppStore|ARM.ActiveCfg = Release|ARM
		{79846EA2-E782-4493-9ECD-A8BED675E2DD}.AppStore|ARM.Build.0 = Release|ARM
		{79846EA2-E782-4493-9ECD-A8BED675E2DD}.AppStore|ARM.Deploy.0 = Release|ARM
		{79846EA2-E782-4493-9ECD-A8BED675E2DD}.AppStore|iPhone.ActiveCfg = Release|x86
		{79846EA2-E782-4493-9ECD-A8BED675E2DD}.AppStore|iPhone.Build.0 = Release|x86
		{79846EA2-E782-4493-9ECD-A8BED675E2DD}.AppStore|iPhone.Deploy.0 = Release|x86
		{79846EA2-E782-4493-9ECD-A8BED675E2DD}.AppStore|iPhoneSimulator.ActiveCfg = Release|x86
		{79846EA2-E782-4493-9ECD-A8BED675E2DD}.AppStore|iPhoneSimulator.Build.0 = Release|x86
		{79846EA2-E782-4493-9ECD-A8BED675E2DD}.AppStore|iPhoneSimulator.Deploy.0 = Release|x86
		{79846EA2-E782-4493-9ECD-A8BED675E2DD}.AppStore|x64.ActiveCfg = Release|x64
		{79846EA2-E782-4493-9ECD-A8BED675E2DD}.AppStore|x64.Build.0 = Release|x64
		{79846EA2-E782-4493-9ECD-A8BED675E2DD}.AppStore|x64.Deploy.0 = Release|x64
		{79846EA2-E782-4493-9ECD-A8BED675E2DD}.AppStore|x86.ActiveCfg = Release|x86
		{79846EA2-E782-4493-9ECD-A8BED675E2DD}.AppStore|x86.Build.0 = Release|x86
		{79846EA2-E782-4493-9ECD-A8BED675E2DD}.AppStore|x86.Deploy.0 = Release|x86
		{79846EA2-E782-4493-9ECD-A8BED675E2DD}.Debug|Any CPU.ActiveCfg = Debug|x86
		{79846EA2-E782-4493-9ECD-A8BED675E2DD}.Debug|ARM.ActiveCfg = Debug|ARM
		{79846EA2-E782-4493-9ECD-A8BED675E2DD}.Debug|ARM.Build.0 = Debug|ARM
		{79846EA2-E782-4493-9ECD-A8BED675E2DD}.Debug|ARM.Deploy.0 = Debug|ARM
		{79846EA2-E782-4493-9ECD-A8BED675E2DD}.Debug|iPhone.ActiveCfg = Debug|x86
		{79846EA2-E782-4493-9ECD-A8BED675E2DD}.Debug|iPhoneSimulator.ActiveCfg = Debug|x86
		{79846EA2-E782-4493-9ECD-A8BED675E2DD}.Debug|x64.ActiveCfg = Debug|x64
		{79846EA2-E782-4493-9ECD-A8BED675E2DD}.Debug|x64.Build.0 = Debug|x64
		{79846EA2-E782-4493-9ECD-A8BED675E2DD}.Debug|x64.Deploy.0 = Debug|x64
		{79846EA2-E782-4493-9ECD-A8BED675E2DD}.Debug|x86.ActiveCfg = Debug|x86
		{79846EA2-E782-4493-9ECD-A8BED675E2DD}.Debug|x86.Build.0 = Debug|x86
		{79846EA2-E782-4493-9ECD-A8BED675E2DD}.Debug|x86.Deploy.0 = Debug|x86
		{79846EA2-E782-4493-9ECD-A8BED675E2DD}.Release|Any CPU.ActiveCfg = Release|x86
		{79846EA2-E782-4493-9ECD-A8BED675E2DD}.Release|ARM.ActiveCfg = Release|ARM
		{79846EA2-E782-4493-9ECD-A8BED675E2DD}.Release|ARM.Build.0 = Release|ARM
		{79846EA2-E782-4493-9ECD-A8BED675E2DD}.Release|ARM.Deploy.0 = Release|ARM
		{79846EA2-E782-4493-9ECD-A8BED675E2DD}.Release|iPhone.ActiveCfg = Release|x86
		{79846EA2-E782-4493-9ECD-A8BED675E2DD}.Release|iPhoneSimulator.ActiveCfg = Release|x86
		{79846EA2-E782-4493-9ECD-A8BED675E2DD}.Release|x64.ActiveCfg = Release|x64
		{79846EA2-E782-4493-9ECD-A8BED675E2DD}.Release|x64.Build.0 = Release|x64
		{79846EA2-E782-4493-9ECD-A8BED675E2DD}.Release|x64.Deploy.0 = Release|x64
		{79846EA2-E782-4493-9ECD-A8BED675E2DD}.Release|x86.ActiveCfg = Release|x86
		{79846EA2-E782-4493-9ECD-A8BED675E2DD}.Release|x86.Build.0 = Release|x86
		{79846EA2-E782-4493-9ECD-A8BED675E2DD}.Release|x86.Deploy.0 = Release|x86
		{BA843514-23A7-4BDA-85B9-A988E9279E3E}.Ad-Hoc|Any CPU.ActiveCfg = Debug|Any CPU
		{BA843514-23A7-4BDA-85B9-A988E9279E3E}.Ad-Hoc|Any CPU.Build.0 = Debug|Any CPU
		{BA843514-23A7-4BDA-85B9-A988E9279E3E}.Ad-Hoc|ARM.ActiveCfg = Debug|Any CPU
		{BA843514-23A7-4BDA-85B9-A988E9279E3E}.Ad-Hoc|ARM.Build.0 = Debug|Any CPU
		{BA843514-23A7-4BDA-85B9-A988E9279E3E}.Ad-Hoc|iPhone.ActiveCfg = Debug|Any CPU
		{BA843514-23A7-4BDA-85B9-A988E9279E3E}.Ad-Hoc|iPhone.Build.0 = Debug|Any CPU
		{BA843514-23A7-4BDA-85B9-A988E9279E3E}.Ad-Hoc|iPhoneSimulator.ActiveCfg = Debug|Any CPU
		{BA843514-23A7-4BDA-85B9-A988E9279E3E}.Ad-Hoc|iPhoneSimulator.Build.0 = Debug|Any CPU
		{BA843514-23A7-4BDA-85B9-A988E9279E3E}.Ad-Hoc|x64.ActiveCfg = Debug|Any CPU
		{BA843514-23A7-4BDA-85B9-A988E9279E3E}.Ad-Hoc|x64.Build.0 = Debug|Any CPU
		{BA843514-23A7-4BDA-85B9-A988E9279E3E}.Ad-Hoc|x86.ActiveCfg = Debug|Any CPU
		{BA843514-23A7-4BDA-85B9-A988E9279E3E}.Ad-Hoc|x86.Build.0 = Debug|Any CPU
		{BA843514-23A7-4BDA-85B9-A988E9279E3E}.AppStore|Any CPU.ActiveCfg = Debug|Any CPU
		{BA843514-23A7-4BDA-85B9-A988E9279E3E}.AppStore|Any CPU.Build.0 = Debug|Any CPU
		{BA843514-23A7-4BDA-85B9-A988E9279E3E}.AppStore|ARM.ActiveCfg = Debug|Any CPU
		{BA843514-23A7-4BDA-85B9-A988E9279E3E}.AppStore|ARM.Build.0 = Debug|Any CPU
		{BA843514-23A7-4BDA-85B9-A988E9279E3E}.AppStore|iPhone.ActiveCfg = Debug|Any CPU
		{BA843514-23A7-4BDA-85B9-A988E9279E3E}.AppStore|iPhone.Build.0 = Debug|Any CPU
		{BA843514-23A7-4BDA-85B9-A988E9279E3E}.AppStore|iPhoneSimulator.ActiveCfg = Debug|Any CPU
		{BA843514-23A7-4BDA-85B9-A988E9279E3E}.AppStore|iPhoneSimulator.Build.0 = Debug|Any CPU
		{BA843514-23A7-4BDA-85B9-A988E9279E3E}.AppStore|x64.ActiveCfg = Debug|Any CPU
		{BA843514-23A7-4BDA-85B9-A988E9279E3E}.AppStore|x64.Build.0 = Debug|Any CPU
		{BA843514-23A7-4BDA-85B9-A988E9279E3E}.AppStore|x86.ActiveCfg = Debug|Any CPU
		{BA843514-23A7-4BDA-85B9-A988E9279E3E}.AppStore|x86.Build.0 = Debug|Any CPU
		{BA843514-23A7-4BDA-85B9-A988E9279E3E}.Debug|Any CPU.ActiveCfg = Debug|Any CPU
		{BA843514-23A7-4BDA-85B9-A988E9279E3E}.Debug|Any CPU.Build.0 = Debug|Any CPU
		{BA843514-23A7-4BDA-85B9-A988E9279E3E}.Debug|ARM.ActiveCfg = Debug|Any CPU
		{BA843514-23A7-4BDA-85B9-A988E9279E3E}.Debug|ARM.Build.0 = Debug|Any CPU
		{BA843514-23A7-4BDA-85B9-A988E9279E3E}.Debug|iPhone.ActiveCfg = Debug|Any CPU
		{BA843514-23A7-4BDA-85B9-A988E9279E3E}.Debug|iPhone.Build.0 = Debug|Any CPU
		{BA843514-23A7-4BDA-85B9-A988E9279E3E}.Debug|iPhoneSimulator.ActiveCfg = Debug|Any CPU
		{BA843514-23A7-4BDA-85B9-A988E9279E3E}.Debug|iPhoneSimulator.Build.0 = Debug|Any CPU
		{BA843514-23A7-4BDA-85B9-A988E9279E3E}.Debug|x64.ActiveCfg = Debug|Any CPU
		{BA843514-23A7-4BDA-85B9-A988E9279E3E}.Debug|x64.Build.0 = Debug|Any CPU
		{BA843514-23A7-4BDA-85B9-A988E9279E3E}.Debug|x86.ActiveCfg = Debug|Any CPU
		{BA843514-23A7-4BDA-85B9-A988E9279E3E}.Debug|x86.Build.0 = Debug|Any CPU
		{BA843514-23A7-4BDA-85B9-A988E9279E3E}.Release|Any CPU.ActiveCfg = Release|Any CPU
		{BA843514-23A7-4BDA-85B9-A988E9279E3E}.Release|Any CPU.Build.0 = Release|Any CPU
		{BA843514-23A7-4BDA-85B9-A988E9279E3E}.Release|ARM.ActiveCfg = Release|Any CPU
		{BA843514-23A7-4BDA-85B9-A988E9279E3E}.Release|ARM.Build.0 = Release|Any CPU
		{BA843514-23A7-4BDA-85B9-A988E9279E3E}.Release|iPhone.ActiveCfg = Release|Any CPU
		{BA843514-23A7-4BDA-85B9-A988E9279E3E}.Release|iPhone.Build.0 = Release|Any CPU
		{BA843514-23A7-4BDA-85B9-A988E9279E3E}.Release|iPhoneSimulator.ActiveCfg = Release|Any CPU
		{BA843514-23A7-4BDA-85B9-A988E9279E3E}.Release|iPhoneSimulator.Build.0 = Release|Any CPU
		{BA843514-23A7-4BDA-85B9-A988E9279E3E}.Release|x64.ActiveCfg = Release|Any CPU
		{BA843514-23A7-4BDA-85B9-A988E9279E3E}.Release|x64.Build.0 = Release|Any CPU
		{BA843514-23A7-4BDA-85B9-A988E9279E3E}.Release|x86.ActiveCfg = Release|Any CPU
		{BA843514-23A7-4BDA-85B9-A988E9279E3E}.Release|x86.Build.0 = Release|Any CPU
	EndGlobalSection
	GlobalSection(SolutionProperties) = preSolution
		HideSolutionNode = FALSE
	EndGlobalSection
	GlobalSection(ExtensibilityGlobals) = postSolution
		SolutionGuid = {B401E193-CB85-481A-92C5-85B582B624AB}
	EndGlobalSection
EndGlobal
